
Microsoft Visual Studio Solution File, Format Version 12.00
# Visual Studio Version 17
VisualStudioVersion = 17.0.31919.166
MinimumVisualStudioVersion = 10.0.40219.1
Project("{8BC9CEB8-8B4A-11D0-8D11-00A0C91BC942}") = "C++_The_Tricky_Part_8__", "C++_The_Tricky_Part_8__\C++_The_Tricky_Part_8__.vcxproj", "{B8E205D1-9C4F-4C3C-A549-559F8DA75495}"
EndProject
Global
	GlobalSection(SolutionConfigurationPlatforms) = preSolution
		Debug|x64 = Debug|x64
		Debug|x86 = Debug|x86
		Release|x64 = Release|x64
		Release|x86 = Release|x86
	EndGlobalSection
	GlobalSection(ProjectConfigurationPlatforms) = postSolution
		{B8E205D1-9C4F-4C3C-A549-559F8DA75495}.Debug|x64.ActiveCfg = Debug|x64
		{B8E205D1-9C4F-4C3C-A549-559F8DA75495}.Debug|x64.Build.0 = Debug|x64
		{B8E205D1-9C4F-4C3C-A549-559F8DA75495}.Debug|x86.ActiveCfg = Debug|Win32
		{B8E205D1-9C4F-4C3C-A549-559F8DA75495}.Debug|x86.Build.0 = Debug|Win32
		{B8E205D1-9C4F-4C3C-A549-559F8DA75495}.Release|x64.ActiveCfg = Release|x64
		{B8E205D1-9C4F-4C3C-A549-559F8DA75495}.Release|x64.Build.0 = Release|x64
		{B8E205D1-9C4F-4C3C-A549-559F8DA75495}.Release|x86.ActiveCfg = Release|Win32
		{B8E205D1-9C4F-4C3C-A549-559F8DA75495}.Release|x86.Build.0 = Release|Win32
	EndGlobalSection
	GlobalSection(SolutionProperties) = preSolution
		HideSolutionNode = FALSE
	EndGlobalSection
	GlobalSection(ExtensibilityGlobals) = postSolution
		SolutionGuid = {E06A43A4-0DEC-4AA9-AC19-E8A63C94D279}
	EndGlobalSection
EndGlobal
